
Microsoft Visual Studio Solution File, Format Version 12.00
# Visual Studio Version 17
VisualStudioVersion = 17.13.36105.23 d17.13
MinimumVisualStudioVersion = 10.0.40219.1
Project("{FAE04EC0-301F-11D3-BF4B-00C04F79EFBC}") = "dafukMedia.Api", "dafukMedia.Api\dafukMedia.Api.csproj", "{95955500-64B4-474F-BBA4-25E02E575FC4}"
EndProject
Project("{FAE04EC0-301F-11D3-BF4B-00C04F79EFBC}") = "dafukMedia.DTO", "dafukMedia.DTO\dafukMedia.DTO.csproj", "{5583B42E-38EE-4FF1-AE49-D8FCABBA1168}"
EndProject
Project("{FAE04EC0-301F-11D3-BF4B-00C04F79EFBC}") = "dafukMedia.Model", "dafukMedia.Model\dafukMedia.Model.csproj", "{6FE85244-31DA-4789-AFF5-2A98783CB806}"
EndProject
Project("{FAE04EC0-301F-11D3-BF4B-00C04F79EFBC}") = "dafukMedia.Service", "dafukMedia.Service\dafukMedia.Service.csproj", "{D281E198-44C9-41A9-9EB1-58D798536FFE}"
EndProject
Global
	GlobalSection(SolutionConfigurationPlatforms) = preSolution
		Debug|Any CPU = Debug|Any CPU
		Release|Any CPU = Release|Any CPU
	EndGlobalSection
	GlobalSection(ProjectConfigurationPlatforms) = postSolution
		{95955500-64B4-474F-BBA4-25E02E575FC4}.Debug|Any CPU.ActiveCfg = Debug|Any CPU
		{95955500-64B4-474F-BBA4-25E02E575FC4}.Debug|Any CPU.Build.0 = Debug|Any CPU
		{95955500-64B4-474F-BBA4-25E02E575FC4}.Release|Any CPU.ActiveCfg = Release|Any CPU
		{95955500-64B4-474F-BBA4-25E02E575FC4}.Release|Any CPU.Build.0 = Release|Any CPU
		{5583B42E-38EE-4FF1-AE49-D8FCABBA1168}.Debug|Any CPU.ActiveCfg = Debug|Any CPU
		{5583B42E-38EE-4FF1-AE49-D8FCABBA1168}.Debug|Any CPU.Build.0 = Debug|Any CPU
		{5583B42E-38EE-4FF1-AE49-D8FCABBA1168}.Release|Any CPU.ActiveCfg = Release|Any CPU
		{5583B42E-38EE-4FF1-AE49-D8FCABBA1168}.Release|Any CPU.Build.0 = Release|Any CPU
		{6FE85244-31DA-4789-AFF5-2A98783CB806}.Debug|Any CPU.ActiveCfg = Debug|Any CPU
		{6FE85244-31DA-4789-AFF5-2A98783CB806}.Debug|Any CPU.Build.0 = Debug|Any CPU
		{6FE85244-31DA-4789-AFF5-2A98783CB806}.Release|Any CPU.ActiveCfg = Release|Any CPU
		{6FE85244-31DA-4789-AFF5-2A98783CB806}.Release|Any CPU.Build.0 = Release|Any CPU
		{D281E198-44C9-41A9-9EB1-58D798536FFE}.Debug|Any CPU.ActiveCfg = Debug|Any CPU
		{D281E198-44C9-41A9-9EB1-58D798536FFE}.Debug|Any CPU.Build.0 = Debug|Any CPU
		{D281E198-44C9-41A9-9EB1-58D798536FFE}.Release|Any CPU.ActiveCfg = Release|Any CPU
		{D281E198-44C9-41A9-9EB1-58D798536FFE}.Release|Any CPU.Build.0 = Release|Any CPU
	EndGlobalSection
	GlobalSection(SolutionProperties) = preSolution
		HideSolutionNode = FALSE
	EndGlobalSection
	GlobalSection(ExtensibilityGlobals) = postSolution
		SolutionGuid = {16900EB5-85E1-4718-8840-B73DFAE1B717}
	EndGlobalSection
EndGlobal
